
Microsoft Visual Studio Solution File, Format Version 12.00
# Visual Studio Version 17
VisualStudioVersion = 17.7.34031.279
MinimumVisualStudioVersion = 10.0.40219.1
Project("{FAE04EC0-301F-11D3-BF4B-00C04F79EFBC}") = "ProjetoTematico1", "ProjetoTematico1.csproj", "{F44F6513-52F5-4D2F-B8C5-59DC6E155F56}"
EndProject
Global
	GlobalSection(SolutionConfigurationPlatforms) = preSolution
		Debug|Any CPU = Debug|Any CPU
		Release|Any CPU = Release|Any CPU
	EndGlobalSection
	GlobalSection(ProjectConfigurationPlatforms) = postSolution
		{F44F6513-52F5-4D2F-B8C5-59DC6E155F56}.Debug|Any CPU.ActiveCfg = Debug|Any CPU
		{F44F6513-52F5-4D2F-B8C5-59DC6E155F56}.Debug|Any CPU.Build.0 = Debug|Any CPU
		{F44F6513-52F5-4D2F-B8C5-59DC6E155F56}.Release|Any CPU.ActiveCfg = Release|Any CPU
		{F44F6513-52F5-4D2F-B8C5-59DC6E155F56}.Release|Any CPU.Build.0 = Release|Any CPU
	EndGlobalSection
	GlobalSection(SolutionProperties) = preSolution
		HideSolutionNode = FALSE
	EndGlobalSection
	GlobalSection(ExtensibilityGlobals) = postSolution
		SolutionGuid = {25C9BC25-4F2F-42AB-81EC-84F9DB9FDDD7}
	EndGlobalSection
EndGlobal
